
Microsoft Visual Studio Solution File, Format Version 12.00
# Visual Studio 2012
Project("{FAE04EC0-301F-11D3-BF4B-00C04F79EFBC}") = "PedroLamas.GDrive.WP7", "PedroLamas.GDrive.WP7\PedroLamas.GDrive.WP7.csproj", "{4374FDB8-E221-4B30-A016-62108427C8E2}"
EndProject
Project("{2150E333-8FDC-42A3-9474-1A3956D46DE8}") = ".nuget", ".nuget", "{1135EC2F-949A-4083-BA9E-C146ED5D6966}"
	ProjectSection(SolutionItems) = preProject
		.nuget\NuGet.Config = .nuget\NuGet.Config
		.nuget\nuget.exe = .nuget\nuget.exe
		.nuget\NuGet.targets = .nuget\NuGet.targets
	EndProjectSection
EndProject
Project("{FAE04EC0-301F-11D3-BF4B-00C04F79EFBC}") = "PedroLamas.GDrive.WP8", "PedroLamas.GDrive.WP8\PedroLamas.GDrive.WP8.csproj", "{C7624C99-C864-44B3-9BAF-89235A85CE90}"
EndProject
Global
	GlobalSection(SolutionConfigurationPlatforms) = preSolution
		Debug|Any CPU = Debug|Any CPU
		Debug|ARM = Debug|ARM
		Debug|x86 = Debug|x86
		Release|Any CPU = Release|Any CPU
		Release|ARM = Release|ARM
		Release|x86 = Release|x86
	EndGlobalSection
	GlobalSection(ProjectConfigurationPlatforms) = postSolution
		{4374FDB8-E221-4B30-A016-62108427C8E2}.Debug|Any CPU.ActiveCfg = Debug|Any CPU
		{4374FDB8-E221-4B30-A016-62108427C8E2}.Debug|Any CPU.Build.0 = Debug|Any CPU
		{4374FDB8-E221-4B30-A016-62108427C8E2}.Debug|Any CPU.Deploy.0 = Debug|Any CPU
		{4374FDB8-E221-4B30-A016-62108427C8E2}.Debug|ARM.ActiveCfg = Debug|Any CPU
		{4374FDB8-E221-4B30-A016-62108427C8E2}.Debug|x86.ActiveCfg = Debug|Any CPU
		{4374FDB8-E221-4B30-A016-62108427C8E2}.Release|Any CPU.ActiveCfg = Release|Any CPU
		{4374FDB8-E221-4B30-A016-62108427C8E2}.Release|Any CPU.Build.0 = Release|Any CPU
		{4374FDB8-E221-4B30-A016-62108427C8E2}.Release|Any CPU.Deploy.0 = Release|Any CPU
		{4374FDB8-E221-4B30-A016-62108427C8E2}.Release|ARM.ActiveCfg = Release|Any CPU
		{4374FDB8-E221-4B30-A016-62108427C8E2}.Release|x86.ActiveCfg = Release|Any CPU
		{C7624C99-C864-44B3-9BAF-89235A85CE90}.Debug|Any CPU.ActiveCfg = Debug|Any CPU
		{C7624C99-C864-44B3-9BAF-89235A85CE90}.Debug|Any CPU.Build.0 = Debug|Any CPU
		{C7624C99-C864-44B3-9BAF-89235A85CE90}.Debug|Any CPU.Deploy.0 = Debug|Any CPU
		{C7624C99-C864-44B3-9BAF-89235A85CE90}.Debug|ARM.ActiveCfg = Debug|ARM
		{C7624C99-C864-44B3-9BAF-89235A85CE90}.Debug|ARM.Build.0 = Debug|ARM
		{C7624C99-C864-44B3-9BAF-89235A85CE90}.Debug|ARM.Deploy.0 = Debug|ARM
		{C7624C99-C864-44B3-9BAF-89235A85CE90}.Debug|x86.ActiveCfg = Debug|x86
		{C7624C99-C864-44B3-9BAF-89235A85CE90}.Debug|x86.Build.0 = Debug|x86
		{C7624C99-C864-44B3-9BAF-89235A85CE90}.Debug|x86.Deploy.0 = Debug|x86
		{C7624C99-C864-44B3-9BAF-89235A85CE90}.Release|Any CPU.ActiveCfg = Release|x86
		{C7624C99-C864-44B3-9BAF-89235A85CE90}.Release|Any CPU.Build.0 = Release|x86
		{C7624C99-C864-44B3-9BAF-89235A85CE90}.Release|Any CPU.Deploy.0 = Release|x86
		{C7624C99-C864-44B3-9BAF-89235A85CE90}.Release|ARM.ActiveCfg = Release|ARM
		{C7624C99-C864-44B3-9BAF-89235A85CE90}.Release|ARM.Build.0 = Release|ARM
		{C7624C99-C864-44B3-9BAF-89235A85CE90}.Release|ARM.Deploy.0 = Release|ARM
		{C7624C99-C864-44B3-9BAF-89235A85CE90}.Release|x86.ActiveCfg = Release|x86
		{C7624C99-C864-44B3-9BAF-89235A85CE90}.Release|x86.Build.0 = Release|x86
		{C7624C99-C864-44B3-9BAF-89235A85CE90}.Release|x86.Deploy.0 = Release|x86
	EndGlobalSection
	GlobalSection(SolutionProperties) = preSolution
		HideSolutionNode = FALSE
	EndGlobalSection
EndGlobal
